
Microsoft Visual Studio Solution File, Format Version 12.00
# Visual Studio 15
VisualStudioVersion = 15.0.26124.0
MinimumVisualStudioVersion = 15.0.26124.0
Project("{F2A71F9B-5D33-465A-A702-920D77279786}") = "lib", "lib\lib.fsproj", "{DF34C9F8-9016-4C81-8321-147668B63075}"
EndProject
Project("{F2A71F9B-5D33-465A-A702-920D77279786}") = "lib.tests", "lib.tests\lib.tests.fsproj", "{6B233AC0-4A4F-497C-BB88-E399AFFCD973}"
EndProject
Global
	GlobalSection(SolutionConfigurationPlatforms) = preSolution
		Debug|Any CPU = Debug|Any CPU
		Debug|x64 = Debug|x64
		Debug|x86 = Debug|x86
		Release|Any CPU = Release|Any CPU
		Release|x64 = Release|x64
		Release|x86 = Release|x86
	EndGlobalSection
	GlobalSection(SolutionProperties) = preSolution
		HideSolutionNode = FALSE
	EndGlobalSection
	GlobalSection(ProjectConfigurationPlatforms) = postSolution
		{DF34C9F8-9016-4C81-8321-147668B63075}.Debug|Any CPU.ActiveCfg = Debug|Any CPU
		{DF34C9F8-9016-4C81-8321-147668B63075}.Debug|Any CPU.Build.0 = Debug|Any CPU
		{DF34C9F8-9016-4C81-8321-147668B63075}.Debug|x64.ActiveCfg = Debug|Any CPU
		{DF34C9F8-9016-4C81-8321-147668B63075}.Debug|x64.Build.0 = Debug|Any CPU
		{DF34C9F8-9016-4C81-8321-147668B63075}.Debug|x86.ActiveCfg = Debug|Any CPU
		{DF34C9F8-9016-4C81-8321-147668B63075}.Debug|x86.Build.0 = Debug|Any CPU
		{DF34C9F8-9016-4C81-8321-147668B63075}.Release|Any CPU.ActiveCfg = Release|Any CPU
		{DF34C9F8-9016-4C81-8321-147668B63075}.Release|Any CPU.Build.0 = Release|Any CPU
		{DF34C9F8-9016-4C81-8321-147668B63075}.Release|x64.ActiveCfg = Release|Any CPU
		{DF34C9F8-9016-4C81-8321-147668B63075}.Release|x64.Build.0 = Release|Any CPU
		{DF34C9F8-9016-4C81-8321-147668B63075}.Release|x86.ActiveCfg = Release|Any CPU
		{DF34C9F8-9016-4C81-8321-147668B63075}.Release|x86.Build.0 = Release|Any CPU
		{6B233AC0-4A4F-497C-BB88-E399AFFCD973}.Debug|Any CPU.ActiveCfg = Debug|Any CPU
		{6B233AC0-4A4F-497C-BB88-E399AFFCD973}.Debug|Any CPU.Build.0 = Debug|Any CPU
		{6B233AC0-4A4F-497C-BB88-E399AFFCD973}.Debug|x64.ActiveCfg = Debug|Any CPU
		{6B233AC0-4A4F-497C-BB88-E399AFFCD973}.Debug|x64.Build.0 = Debug|Any CPU
		{6B233AC0-4A4F-497C-BB88-E399AFFCD973}.Debug|x86.ActiveCfg = Debug|Any CPU
		{6B233AC0-4A4F-497C-BB88-E399AFFCD973}.Debug|x86.Build.0 = Debug|Any CPU
		{6B233AC0-4A4F-497C-BB88-E399AFFCD973}.Release|Any CPU.ActiveCfg = Release|Any CPU
		{6B233AC0-4A4F-497C-BB88-E399AFFCD973}.Release|Any CPU.Build.0 = Release|Any CPU
		{6B233AC0-4A4F-497C-BB88-E399AFFCD973}.Release|x64.ActiveCfg = Release|Any CPU
		{6B233AC0-4A4F-497C-BB88-E399AFFCD973}.Release|x64.Build.0 = Release|Any CPU
		{6B233AC0-4A4F-497C-BB88-E399AFFCD973}.Release|x86.ActiveCfg = Release|Any CPU
		{6B233AC0-4A4F-497C-BB88-E399AFFCD973}.Release|x86.Build.0 = Release|Any CPU
	EndGlobalSection
EndGlobal
